// !$*UTF8*$!
{
	archiveVersion = 1;
	classes = {
	};
	objectVersion = 56;
	objects = {

/* Begin PBXBuildFile section */
		6E45108B29144FF000E337C1 /* SwipeActions.swift in Sources */ = {isa = PBXBuildFile; fileRef = 6E45108A29144FF000E337C1 /* SwipeActions.swift */; };
		6E5BFF1B290AC1220004C910 /* UserEditView.swift in Sources */ = {isa = PBXBuildFile; fileRef = 6E5BFF1A290AC1220004C910 /* UserEditView.swift */; };
		6E5BFF1F290B012A0004C910 /* AssetDetailView.swift in Sources */ = {isa = PBXBuildFile; fileRef = 6E5BFF1E290B01290004C910 /* AssetDetailView.swift */; };
		6E5BFF25290C01620004C910 /* DummyDataGenerator.swift in Sources */ = {isa = PBXBuildFile; fileRef = 6E5BFF24290C01620004C910 /* DummyDataGenerator.swift */; };
		6E5BFF2D290C92760004C910 /* UserDetailView.swift in Sources */ = {isa = PBXBuildFile; fileRef = 6E5BFF2C290C92760004C910 /* UserDetailView.swift */; };
		6E6BD6822906B077006C5BD3 /* ITAssetManagerApp.swift in Sources */ = {isa = PBXBuildFile; fileRef = 6E6BD6812906B077006C5BD3 /* ITAssetManagerApp.swift */; };
		6E6BD6842906B077006C5BD3 /* ContentView.swift in Sources */ = {isa = PBXBuildFile; fileRef = 6E6BD6832906B077006C5BD3 /* ContentView.swift */; };
		6E6BD6862906B078006C5BD3 /* Assets.xcassets in Resources */ = {isa = PBXBuildFile; fileRef = 6E6BD6852906B078006C5BD3 /* Assets.xcassets */; };
		6E6BD6892906B078006C5BD3 /* Preview Assets.xcassets in Resources */ = {isa = PBXBuildFile; fileRef = 6E6BD6882906B078006C5BD3 /* Preview Assets.xcassets */; };
		6E6BD6902906B1BA006C5BD3 /* itstock.json in Resources */ = {isa = PBXBuildFile; fileRef = 6E6BD68F2906B1BA006C5BD3 /* itstock.json */; };
		6E6BD6932906B33E006C5BD3 /* Model.xcdatamodeld in Sources */ = {isa = PBXBuildFile; fileRef = 6E6BD6912906B33E006C5BD3 /* Model.xcdatamodeld */; };
		6E6BD6952906B3D3006C5BD3 /* DataController.swift in Sources */ = {isa = PBXBuildFile; fileRef = 6E6BD6942906B3D3006C5BD3 /* DataController.swift */; };
		6E6BD6992906F519006C5BD3 /* AssetsView.swift in Sources */ = {isa = PBXBuildFile; fileRef = 6E6BD6982906F519006C5BD3 /* AssetsView.swift */; };
		6E6BD69B2906F58C006C5BD3 /* UsersView.swift in Sources */ = {isa = PBXBuildFile; fileRef = 6E6BD69A2906F58C006C5BD3 /* UsersView.swift */; };
		6E6BD69F290849E4006C5BD3 /* Device-CoreDataHelpers.swift in Sources */ = {isa = PBXBuildFile; fileRef = 6E6BD69E290849E4006C5BD3 /* Device-CoreDataHelpers.swift */; };
		6E6BD6A129084D19006C5BD3 /* Staff-CoreDataHelpers.swift in Sources */ = {isa = PBXBuildFile; fileRef = 6E6BD6A029084D19006C5BD3 /* Staff-CoreDataHelpers.swift */; };
		6E97347B29094D290013CD60 /* AssetEditView.swift in Sources */ = {isa = PBXBuildFile; fileRef = 6E97347A29094D290013CD60 /* AssetEditView.swift */; };
		6EBC02752916E303002E083D /* UserAddView.swift in Sources */ = {isa = PBXBuildFile; fileRef = 6EBC02742916E303002E083D /* UserAddView.swift */; };
		6EBC027A29181623002E083D /* CategorySheet.swift in Sources */ = {isa = PBXBuildFile; fileRef = 6EBC027929181623002E083D /* CategorySheet.swift */; };
		6EBC029A291AC7A5002E083D /* AddCatergoryView.swift in Sources */ = {isa = PBXBuildFile; fileRef = 6EBC0299291AC7A5002E083D /* AddCatergoryView.swift */; };
		6EBC029E291B0E69002E083D /* RoomsView.swift in Sources */ = {isa = PBXBuildFile; fileRef = 6EBC029D291B0E69002E083D /* RoomsView.swift */; };
		6EBC02A0291BC564002E083D /* DepartmentSheet.swift in Sources */ = {isa = PBXBuildFile; fileRef = 6EBC029F291BC564002E083D /* DepartmentSheet.swift */; };
		6EBC02A2291BC6DA002E083D /* AddDepartmentView.swift in Sources */ = {isa = PBXBuildFile; fileRef = 6EBC02A1291BC6DA002E083D /* AddDepartmentView.swift */; };
		6ED16361291D62D600537236 /* Room-CoreDataHelpers.swift in Sources */ = {isa = PBXBuildFile; fileRef = 6ED16360291D62D600537236 /* Room-CoreDataHelpers.swift */; };
		6ED16363291D6D3900537236 /* RoomDetailView.swift in Sources */ = {isa = PBXBuildFile; fileRef = 6ED16362291D6D3900537236 /* RoomDetailView.swift */; };
/* End PBXBuildFile section */

/* Begin PBXFileReference section */
		6E45108A29144FF000E337C1 /* SwipeActions.swift */ = {isa = PBXFileReference; lastKnownFileType = sourcecode.swift; path = SwipeActions.swift; sourceTree = "<group>"; };
		6E5BFF1A290AC1220004C910 /* UserEditView.swift */ = {isa = PBXFileReference; lastKnownFileType = sourcecode.swift; path = UserEditView.swift; sourceTree = "<group>"; };
		6E5BFF1E290B01290004C910 /* AssetDetailView.swift */ = {isa = PBXFileReference; lastKnownFileType = sourcecode.swift; path = AssetDetailView.swift; sourceTree = "<group>"; };
		6E5BFF24290C01620004C910 /* DummyDataGenerator.swift */ = {isa = PBXFileReference; lastKnownFileType = sourcecode.swift; path = DummyDataGenerator.swift; sourceTree = "<group>"; };
		6E5BFF2C290C92760004C910 /* UserDetailView.swift */ = {isa = PBXFileReference; lastKnownFileType = sourcecode.swift; path = UserDetailView.swift; sourceTree = "<group>"; };
		6E6BD67E2906B077006C5BD3 /* ITAssetManager.app */ = {isa = PBXFileReference; explicitFileType = wrapper.application; includeInIndex = 0; path = ITAssetManager.app; sourceTree = BUILT_PRODUCTS_DIR; };
		6E6BD6812906B077006C5BD3 /* ITAssetManagerApp.swift */ = {isa = PBXFileReference; lastKnownFileType = sourcecode.swift; path = ITAssetManagerApp.swift; sourceTree = "<group>"; };
		6E6BD6832906B077006C5BD3 /* ContentView.swift */ = {isa = PBXFileReference; lastKnownFileType = sourcecode.swift; path = ContentView.swift; sourceTree = "<group>"; };
		6E6BD6852906B078006C5BD3 /* Assets.xcassets */ = {isa = PBXFileReference; lastKnownFileType = folder.assetcatalog; path = Assets.xcassets; sourceTree = "<group>"; };
		6E6BD6882906B078006C5BD3 /* Preview Assets.xcassets */ = {isa = PBXFileReference; lastKnownFileType = folder.assetcatalog; path = "Preview Assets.xcassets"; sourceTree = "<group>"; };
		6E6BD68F2906B1BA006C5BD3 /* itstock.json */ = {isa = PBXFileReference; fileEncoding = 4; lastKnownFileType = text.json; path = itstock.json; sourceTree = "<group>"; };
		6E6BD6922906B33E006C5BD3 /* Model.xcdatamodel */ = {isa = PBXFileReference; lastKnownFileType = wrapper.xcdatamodel; path = Model.xcdatamodel; sourceTree = "<group>"; };
		6E6BD6942906B3D3006C5BD3 /* DataController.swift */ = {isa = PBXFileReference; fileEncoding = 4; lastKnownFileType = sourcecode.swift; path = DataController.swift; sourceTree = "<group>"; };
		6E6BD6982906F519006C5BD3 /* AssetsView.swift */ = {isa = PBXFileReference; lastKnownFileType = sourcecode.swift; path = AssetsView.swift; sourceTree = "<group>"; };
		6E6BD69A2906F58C006C5BD3 /* UsersView.swift */ = {isa = PBXFileReference; lastKnownFileType = sourcecode.swift; path = UsersView.swift; sourceTree = "<group>"; };
		6E6BD69E290849E4006C5BD3 /* Device-CoreDataHelpers.swift */ = {isa = PBXFileReference; lastKnownFileType = sourcecode.swift; path = "Device-CoreDataHelpers.swift"; sourceTree = "<group>"; };
		6E6BD6A029084D19006C5BD3 /* Staff-CoreDataHelpers.swift */ = {isa = PBXFileReference; lastKnownFileType = sourcecode.swift; path = "Staff-CoreDataHelpers.swift"; sourceTree = "<group>"; };
		6E97347A29094D290013CD60 /* AssetEditView.swift */ = {isa = PBXFileReference; lastKnownFileType = sourcecode.swift; path = AssetEditView.swift; sourceTree = "<group>"; };
		6EBC02742916E303002E083D /* UserAddView.swift */ = {isa = PBXFileReference; lastKnownFileType = sourcecode.swift; path = UserAddView.swift; sourceTree = "<group>"; };
		6EBC027929181623002E083D /* CategorySheet.swift */ = {isa = PBXFileReference; lastKnownFileType = sourcecode.swift; path = CategorySheet.swift; sourceTree = "<group>"; };
		6EBC0299291AC7A5002E083D /* AddCatergoryView.swift */ = {isa = PBXFileReference; lastKnownFileType = sourcecode.swift; path = AddCatergoryView.swift; sourceTree = "<group>"; };
		6EBC029D291B0E69002E083D /* RoomsView.swift */ = {isa = PBXFileReference; lastKnownFileType = sourcecode.swift; path = RoomsView.swift; sourceTree = "<group>"; };
		6EBC029F291BC564002E083D /* DepartmentSheet.swift */ = {isa = PBXFileReference; lastKnownFileType = sourcecode.swift; path = DepartmentSheet.swift; sourceTree = "<group>"; };
		6EBC02A1291BC6DA002E083D /* AddDepartmentView.swift */ = {isa = PBXFileReference; lastKnownFileType = sourcecode.swift; path = AddDepartmentView.swift; sourceTree = "<group>"; };
		6ED16360291D62D600537236 /* Room-CoreDataHelpers.swift */ = {isa = PBXFileReference; lastKnownFileType = sourcecode.swift; path = "Room-CoreDataHelpers.swift"; sourceTree = "<group>"; };
		6ED16362291D6D3900537236 /* RoomDetailView.swift */ = {isa = PBXFileReference; lastKnownFileType = sourcecode.swift; path = RoomDetailView.swift; sourceTree = "<group>"; };
/* End PBXFileReference section */

/* Begin PBXFrameworksBuildPhase section */
		6E6BD67B2906B077006C5BD3 /* Frameworks */ = {
			isa = PBXFrameworksBuildPhase;
			buildActionMask = 2147483647;
			files = (
			);
			runOnlyForDeploymentPostprocessing = 0;
		};
/* End PBXFrameworksBuildPhase section */

/* Begin PBXGroup section */
		6E6BD6752906B077006C5BD3 = {
			isa = PBXGroup;
			children = (
				6E6BD6802906B077006C5BD3 /* ITAssetManager */,
				6E6BD67F2906B077006C5BD3 /* Products */,
			);
			sourceTree = "<group>";
		};
		6E6BD67F2906B077006C5BD3 /* Products */ = {
			isa = PBXGroup;
			children = (
				6E6BD67E2906B077006C5BD3 /* ITAssetManager.app */,
			);
			name = Products;
			sourceTree = "<group>";
		};
		6E6BD6802906B077006C5BD3 /* ITAssetManager */ = {
			isa = PBXGroup;
			children = (
				6E6BD6812906B077006C5BD3 /* ITAssetManagerApp.swift */,
				6E6BD6832906B077006C5BD3 /* ContentView.swift */,
				6EBC029D291B0E69002E083D /* RoomsView.swift */,
				6ED16362291D6D3900537236 /* RoomDetailView.swift */,
				6EBC02762916FF87002E083D /* UserViews */,
				6EBC02772916FF96002E083D /* AssetViews */,
				6E6BD6852906B078006C5BD3 /* Assets.xcassets */,
				6EBC027929181623002E083D /* CategorySheet.swift */,
				6EBC029F291BC564002E083D /* DepartmentSheet.swift */,
				6EBC0299291AC7A5002E083D /* AddCatergoryView.swift */,
				6EBC02A1291BC6DA002E083D /* AddDepartmentView.swift */,
				6E45108A29144FF000E337C1 /* SwipeActions.swift */,
				6EBC027829170072002E083D /* CoreData Helpers */,
				6E6BD6942906B3D3006C5BD3 /* DataController.swift */,
				6E5BFF24290C01620004C910 /* DummyDataGenerator.swift */,
				6E6BD6912906B33E006C5BD3 /* Model.xcdatamodeld */,
				6E6BD68F2906B1BA006C5BD3 /* itstock.json */,
				6E6BD6872906B078006C5BD3 /* Preview Content */,
			);
			path = ITAssetManager;
			sourceTree = "<group>";
		};
		6E6BD6872906B078006C5BD3 /* Preview Content */ = {
			isa = PBXGroup;
			children = (
				6E6BD6882906B078006C5BD3 /* Preview Assets.xcassets */,
			);
			path = "Preview Content";
			sourceTree = "<group>";
		};
		6EBC02762916FF87002E083D /* UserViews */ = {
			isa = PBXGroup;
			children = (
				6E6BD69A2906F58C006C5BD3 /* UsersView.swift */,
				6E5BFF2C290C92760004C910 /* UserDetailView.swift */,
				6E5BFF1A290AC1220004C910 /* UserEditView.swift */,
				6EBC02742916E303002E083D /* UserAddView.swift */,
			);
			path = UserViews;
			sourceTree = "<group>";
		};
		6EBC02772916FF96002E083D /* AssetViews */ = {
			isa = PBXGroup;
			children = (
				6E6BD6982906F519006C5BD3 /* AssetsView.swift */,
				6E5BFF1E290B01290004C910 /* AssetDetailView.swift */,
				6E97347A29094D290013CD60 /* AssetEditView.swift */,
			);
			path = AssetViews;
			sourceTree = "<group>";
		};
		6EBC027829170072002E083D /* CoreData Helpers */ = {
			isa = PBXGroup;
			children = (
				6E6BD69E290849E4006C5BD3 /* Device-CoreDataHelpers.swift */,
				6E6BD6A029084D19006C5BD3 /* Staff-CoreDataHelpers.swift */,
				6ED16360291D62D600537236 /* Room-CoreDataHelpers.swift */,
			);
			path = "CoreData Helpers";
			sourceTree = "<group>";
		};
/* End PBXGroup section */

/* Begin PBXNativeTarget section */
		6E6BD67D2906B077006C5BD3 /* ITAssetManager */ = {
			isa = PBXNativeTarget;
			buildConfigurationList = 6E6BD68C2906B078006C5BD3 /* Build configuration list for PBXNativeTarget "ITAssetManager" */;
			buildPhases = (
				6E6BD67A2906B077006C5BD3 /* Sources */,
				6E6BD67B2906B077006C5BD3 /* Frameworks */,
				6E6BD67C2906B077006C5BD3 /* Resources */,
			);
			buildRules = (
			);
			dependencies = (
			);
			name = ITAssetManager;
			productName = ITAssetManager;
			productReference = 6E6BD67E2906B077006C5BD3 /* ITAssetManager.app */;
			productType = "com.apple.product-type.application";
		};
/* End PBXNativeTarget section */

/* Begin PBXProject section */
		6E6BD6762906B077006C5BD3 /* Project object */ = {
			isa = PBXProject;
			attributes = {
				BuildIndependentTargetsInParallel = 1;
				LastSwiftUpdateCheck = 1400;
				LastUpgradeCheck = 1400;
				TargetAttributes = {
					6E6BD67D2906B077006C5BD3 = {
						CreatedOnToolsVersion = 14.0.1;
					};
				};
			};
			buildConfigurationList = 6E6BD6792906B077006C5BD3 /* Build configuration list for PBXProject "ITAssetManager" */;
			compatibilityVersion = "Xcode 14.0";
			developmentRegion = en;
			hasScannedForEncodings = 0;
			knownRegions = (
				en,
				Base,
			);
			mainGroup = 6E6BD6752906B077006C5BD3;
			productRefGroup = 6E6BD67F2906B077006C5BD3 /* Products */;
			projectDirPath = "";
			projectRoot = "";
			targets = (
				6E6BD67D2906B077006C5BD3 /* ITAssetManager */,
			);
		};
/* End PBXProject section */

/* Begin PBXResourcesBuildPhase section */
		6E6BD67C2906B077006C5BD3 /* Resources */ = {
			isa = PBXResourcesBuildPhase;
			buildActionMask = 2147483647;
			files = (
				6E6BD6892906B078006C5BD3 /* Preview Assets.xcassets in Resources */,
				6E6BD6862906B078006C5BD3 /* Assets.xcassets in Resources */,
				6E6BD6902906B1BA006C5BD3 /* itstock.json in Resources */,
			);
			runOnlyForDeploymentPostprocessing = 0;
		};
/* End PBXResourcesBuildPhase section */

/* Begin PBXSourcesBuildPhase section */
		6E6BD67A2906B077006C5BD3 /* Sources */ = {
			isa = PBXSourcesBuildPhase;
			buildActionMask = 2147483647;
			files = (
				6E6BD6842906B077006C5BD3 /* ContentView.swift in Sources */,
				6E6BD6992906F519006C5BD3 /* AssetsView.swift in Sources */,
				6EBC02A2291BC6DA002E083D /* AddDepartmentView.swift in Sources */,
				6E5BFF2D290C92760004C910 /* UserDetailView.swift in Sources */,
				6ED16363291D6D3900537236 /* RoomDetailView.swift in Sources */,
				6E6BD69F290849E4006C5BD3 /* Device-CoreDataHelpers.swift in Sources */,
				6E5BFF1F290B012A0004C910 /* AssetDetailView.swift in Sources */,
				6EBC02752916E303002E083D /* UserAddView.swift in Sources */,
				6E5BFF1B290AC1220004C910 /* UserEditView.swift in Sources */,
				6E6BD6952906B3D3006C5BD3 /* DataController.swift in Sources */,
				6ED16361291D62D600537236 /* Room-CoreDataHelpers.swift in Sources */,
				6E6BD69B2906F58C006C5BD3 /* UsersView.swift in Sources */,
				6EBC029E291B0E69002E083D /* RoomsView.swift in Sources */,
				6EBC02A0291BC564002E083D /* DepartmentSheet.swift in Sources */,
				6E6BD6A129084D19006C5BD3 /* Staff-CoreDataHelpers.swift in Sources */,
				6E5BFF25290C01620004C910 /* DummyDataGenerator.swift in Sources */,
				6EBC027A29181623002E083D /* CategorySheet.swift in Sources */,
				6E97347B29094D290013CD60 /* AssetEditView.swift in Sources */,
				6E45108B29144FF000E337C1 /* SwipeActions.swift in Sources */,
				6E6BD6822906B077006C5BD3 /* ITAssetManagerApp.swift in Sources */,
				6EBC029A291AC7A5002E083D /* AddCatergoryView.swift in Sources */,
				6E6BD6932906B33E006C5BD3 /* Model.xcdatamodeld in Sources */,
			);
			runOnlyForDeploymentPostprocessing = 0;
		};
/* End PBXSourcesBuildPhase section */

/* Begin XCBuildConfiguration section */
		6E6BD68A2906B078006C5BD3 /* Debug */ = {
			isa = XCBuildConfiguration;
			buildSettings = {
				ALWAYS_SEARCH_USER_PATHS = NO;
				CLANG_ANALYZER_NONNULL = YES;
				CLANG_ANALYZER_NUMBER_OBJECT_CONVERSION = YES_AGGRESSIVE;
				CLANG_CXX_LANGUAGE_STANDARD = "gnu++20";
				CLANG_ENABLE_MODULES = YES;
				CLANG_ENABLE_OBJC_ARC = YES;
				CLANG_ENABLE_OBJC_WEAK = YES;
				CLANG_WARN_BLOCK_CAPTURE_AUTORELEASING = YES;
				CLANG_WARN_BOOL_CONVERSION = YES;
				CLANG_WARN_COMMA = YES;
				CLANG_WARN_CONSTANT_CONVERSION = YES;
				CLANG_WARN_DEPRECATED_OBJC_IMPLEMENTATIONS = YES;
				CLANG_WARN_DIRECT_OBJC_ISA_USAGE = YES_ERROR;
				CLANG_WARN_DOCUMENTATION_COMMENTS = YES;
				CLANG_WARN_EMPTY_BODY = YES;
				CLANG_WARN_ENUM_CONVERSION = YES;
				CLANG_WARN_INFINITE_RECURSION = YES;
				CLANG_WARN_INT_CONVERSION = YES;
				CLANG_WARN_NON_LITERAL_NULL_CONVERSION = YES;
				CLANG_WARN_OBJC_IMPLICIT_RETAIN_SELF = YES;
				CLANG_WARN_OBJC_LITERAL_CONVERSION = YES;
				CLANG_WARN_OBJC_ROOT_CLASS = YES_ERROR;
				CLANG_WARN_QUOTED_INCLUDE_IN_FRAMEWORK_HEADER = YES;
				CLANG_WARN_RANGE_LOOP_ANALYSIS = YES;
				CLANG_WARN_STRICT_PROTOTYPES = YES;
				CLANG_WARN_SUSPICIOUS_MOVE = YES;
				CLANG_WARN_UNGUARDED_AVAILABILITY = YES_AGGRESSIVE;
				CLANG_WARN_UNREACHABLE_CODE = YES;
				CLANG_WARN__DUPLICATE_METHOD_MATCH = YES;
				COPY_PHASE_STRIP = NO;
				DEBUG_INFORMATION_FORMAT = dwarf;
				ENABLE_STRICT_OBJC_MSGSEND = YES;
				ENABLE_TESTABILITY = YES;
				GCC_C_LANGUAGE_STANDARD = gnu11;
				GCC_DYNAMIC_NO_PIC = NO;
				GCC_NO_COMMON_BLOCKS = YES;
				GCC_OPTIMIZATION_LEVEL = 0;
				GCC_PREPROCESSOR_DEFINITIONS = (
					"DEBUG=1",
					"$(inherited)",
				);
				GCC_WARN_64_TO_32_BIT_CONVERSION = YES;
				GCC_WARN_ABOUT_RETURN_TYPE = YES_ERROR;
				GCC_WARN_UNDECLARED_SELECTOR = YES;
				GCC_WARN_UNINITIALIZED_AUTOS = YES_AGGRESSIVE;
				GCC_WARN_UNUSED_FUNCTION = YES;
				GCC_WARN_UNUSED_VARIABLE = YES;
				IPHONEOS_DEPLOYMENT_TARGET = 16.0;
				MTL_ENABLE_DEBUG_INFO = INCLUDE_SOURCE;
				MTL_FAST_MATH = YES;
				ONLY_ACTIVE_ARCH = YES;
				SDKROOT = iphoneos;
				SWIFT_ACTIVE_COMPILATION_CONDITIONS = DEBUG;
				SWIFT_OPTIMIZATION_LEVEL = "-Onone";
			};
			name = Debug;
		};
		6E6BD68B2906B078006C5BD3 /* Release */ = {
			isa = XCBuildConfiguration;
			buildSettings = {
				ALWAYS_SEARCH_USER_PATHS = NO;
				CLANG_ANALYZER_NONNULL = YES;
				CLANG_ANALYZER_NUMBER_OBJECT_CONVERSION = YES_AGGRESSIVE;
				CLANG_CXX_LANGUAGE_STANDARD = "gnu++20";
				CLANG_ENABLE_MODULES = YES;
				CLANG_ENABLE_OBJC_ARC = YES;
				CLANG_ENABLE_OBJC_WEAK = YES;
				CLANG_WARN_BLOCK_CAPTURE_AUTORELEASING = YES;
				CLANG_WARN_BOOL_CONVERSION = YES;
				CLANG_WARN_COMMA = YES;
				CLANG_WARN_CONSTANT_CONVERSION = YES;
				CLANG_WARN_DEPRECATED_OBJC_IMPLEMENTATIONS = YES;
				CLANG_WARN_DIRECT_OBJC_ISA_USAGE = YES_ERROR;
				CLANG_WARN_DOCUMENTATION_COMMENTS = YES;
				CLANG_WARN_EMPTY_BODY = YES;
				CLANG_WARN_ENUM_CONVERSION = YES;
				CLANG_WARN_INFINITE_RECURSION = YES;
				CLANG_WARN_INT_CONVERSION = YES;
				CLANG_WARN_NON_LITERAL_NULL_CONVERSION = YES;
				CLANG_WARN_OBJC_IMPLICIT_RETAIN_SELF = YES;
				CLANG_WARN_OBJC_LITERAL_CONVERSION = YES;
				CLANG_WARN_OBJC_ROOT_CLASS = YES_ERROR;
				CLANG_WARN_QUOTED_INCLUDE_IN_FRAMEWORK_HEADER = YES;
				CLANG_WARN_RANGE_LOOP_ANALYSIS = YES;
				CLANG_WARN_STRICT_PROTOTYPES = YES;
				CLANG_WARN_SUSPICIOUS_MOVE = YES;
				CLANG_WARN_UNGUARDED_AVAILABILITY = YES_AGGRESSIVE;
				CLANG_WARN_UNREACHABLE_CODE = YES;
				CLANG_WARN__DUPLICATE_METHOD_MATCH = YES;
				COPY_PHASE_STRIP = NO;
				DEBUG_INFORMATION_FORMAT = "dwarf-with-dsym";
				ENABLE_NS_ASSERTIONS = NO;
				ENABLE_STRICT_OBJC_MSGSEND = YES;
				GCC_C_LANGUAGE_STANDARD = gnu11;
				GCC_NO_COMMON_BLOCKS = YES;
				GCC_WARN_64_TO_32_BIT_CONVERSION = YES;
				GCC_WARN_ABOUT_RETURN_TYPE = YES_ERROR;
				GCC_WARN_UNDECLARED_SELECTOR = YES;
				GCC_WARN_UNINITIALIZED_AUTOS = YES_AGGRESSIVE;
				GCC_WARN_UNUSED_FUNCTION = YES;
				GCC_WARN_UNUSED_VARIABLE = YES;
				IPHONEOS_DEPLOYMENT_TARGET = 16.0;
				MTL_ENABLE_DEBUG_INFO = NO;
				MTL_FAST_MATH = YES;
				SDKROOT = iphoneos;
				SWIFT_COMPILATION_MODE = wholemodule;
				SWIFT_OPTIMIZATION_LEVEL = "-O";
				VALIDATE_PRODUCT = YES;
			};
			name = Release;
		};
		6E6BD68D2906B078006C5BD3 /* Debug */ = {
			isa = XCBuildConfiguration;
			buildSettings = {
				ASSETCATALOG_COMPILER_APPICON_NAME = AppIcon;
				ASSETCATALOG_COMPILER_GLOBAL_ACCENT_COLOR_NAME = AccentColor;
				CODE_SIGN_STYLE = Automatic;
				CURRENT_PROJECT_VERSION = 1;
				DEVELOPMENT_ASSET_PATHS = "\"ITAssetManager/Preview Content\"";
				DEVELOPMENT_TEAM = 98F3VL89VL;
				ENABLE_PREVIEWS = YES;
				GENERATE_INFOPLIST_FILE = YES;
				INFOPLIST_KEY_UIApplicationSceneManifest_Generation = YES;
				INFOPLIST_KEY_UIApplicationSupportsIndirectInputEvents = YES;
				INFOPLIST_KEY_UILaunchScreen_Generation = YES;
				INFOPLIST_KEY_UISupportedInterfaceOrientations_iPad = "UIInterfaceOrientationPortrait UIInterfaceOrientationPortraitUpsideDown UIInterfaceOrientationLandscapeLeft UIInterfaceOrientationLandscapeRight";
				INFOPLIST_KEY_UISupportedInterfaceOrientations_iPhone = "UIInterfaceOrientationPortrait UIInterfaceOrientationLandscapeLeft UIInterfaceOrientationLandscapeRight";
				LD_RUNPATH_SEARCH_PATHS = (
					"$(inherited)",
					"@executable_path/Frameworks",
				);
				MARKETING_VERSION = 1.0;
				PRODUCT_BUNDLE_IDENTIFIER = me.gill.mahaveer.ITAssetManager;
				PRODUCT_NAME = "$(TARGET_NAME)";
				SWIFT_EMIT_LOC_STRINGS = YES;
				SWIFT_VERSION = 5.0;
				TARGETED_DEVICE_FAMILY = "1,2";
			};
			name = Debug;
		};
		6E6BD68E2906B078006C5BD3 /* Release */ = {
			isa = XCBuildConfiguration;
			buildSettings = {
				ASSETCATALOG_COMPILER_APPICON_NAME = AppIcon;
				ASSETCATALOG_COMPILER_GLOBAL_ACCENT_COLOR_NAME = AccentColor;
				CODE_SIGN_STYLE = Automatic;
				CURRENT_PROJECT_VERSION = 1;
				DEVELOPMENT_ASSET_PATHS = "\"ITAssetManager/Preview Content\"";
				DEVELOPMENT_TEAM = 98F3VL89VL;
				ENABLE_PREVIEWS = YES;
				GENERATE_INFOPLIST_FILE = YES;
				INFOPLIST_KEY_UIApplicationSceneManifest_Generation = YES;
				INFOPLIST_KEY_UIApplicationSupportsIndirectInputEvents = YES;
				INFOPLIST_KEY_UILaunchScreen_Generation = YES;
				INFOPLIST_KEY_UISupportedInterfaceOrientations_iPad = "UIInterfaceOrientationPortrait UIInterfaceOrientationPortraitUpsideDown UIInterfaceOrientationLandscapeLeft UIInterfaceOrientationLandscapeRight";
				INFOPLIST_KEY_UISupportedInterfaceOrientations_iPhone = "UIInterfaceOrientationPortrait UIInterfaceOrientationLandscapeLeft UIInterfaceOrientationLandscapeRight";
				LD_RUNPATH_SEARCH_PATHS = (
					"$(inherited)",
					"@executable_path/Frameworks",
				);
				MARKETING_VERSION = 1.0;
				PRODUCT_BUNDLE_IDENTIFIER = me.gill.mahaveer.ITAssetManager;
				PRODUCT_NAME = "$(TARGET_NAME)";
				SWIFT_EMIT_LOC_STRINGS = YES;
				SWIFT_VERSION = 5.0;
				TARGETED_DEVICE_FAMILY = "1,2";
			};
			name = Release;
		};
/* End XCBuildConfiguration section */

/* Begin XCConfigurationList section */
		6E6BD6792906B077006C5BD3 /* Build configuration list for PBXProject "ITAssetManager" */ = {
			isa = XCConfigurationList;
			buildConfigurations = (
				6E6BD68A2906B078006C5BD3 /* Debug */,
				6E6BD68B2906B078006C5BD3 /* Release */,
			);
			defaultConfigurationIsVisible = 0;
			defaultConfigurationName = Release;
		};
		6E6BD68C2906B078006C5BD3 /* Build configuration list for PBXNativeTarget "ITAssetManager" */ = {
			isa = XCConfigurationList;
			buildConfigurations = (
				6E6BD68D2906B078006C5BD3 /* Debug */,
				6E6BD68E2906B078006C5BD3 /* Release */,
			);
			defaultConfigurationIsVisible = 0;
			defaultConfigurationName = Release;
		};
/* End XCConfigurationList section */

/* Begin XCVersionGroup section */
		6E6BD6912906B33E006C5BD3 /* Model.xcdatamodeld */ = {
			isa = XCVersionGroup;
			children = (
				6E6BD6922906B33E006C5BD3 /* Model.xcdatamodel */,
			);
			currentVersion = 6E6BD6922906B33E006C5BD3 /* Model.xcdatamodel */;
			path = Model.xcdatamodeld;
			sourceTree = "<group>";
			versionGroupType = wrapper.xcdatamodel;
		};
/* End XCVersionGroup section */
	};
	rootObject = 6E6BD6762906B077006C5BD3 /* Project object */;
}
